{
  "nodes": {
    "flake-utils": {
      "locked": {
        "lastModified": 1659877975,
        "narHash": "sha256-zllb8aq3YO3h8B/U0/J1WBgAL8EX5yWf5pMj3G0NAmc=",
        "owner": "numtide",
        "repo": "flake-utils",
        "rev": "c0e246b9b83f637f4681389ecabcb2681b4f3af0",
        "type": "github"
      },
      "original": {
        "owner": "numtide",
        "repo": "flake-utils",
        "type": "github"
      }
    },
    "flake-utils_2": {
      "locked": {
        "lastModified": 1653893745,
        "narHash": "sha256-0jntwV3Z8//YwuOjzhV2sgJJPt+HY6KhU7VZUL0fKZQ=",
        "owner": "numtide",
        "repo": "flake-utils",
        "rev": "1ed9fb1935d260de5fe1c2f7ee0ebaae17ed2fa1",
        "type": "github"
      },
      "original": {
        "owner": "numtide",
        "repo": "flake-utils",
        "type": "github"
      }
    },
    "nixpkgs": {
      "locked": {
        "lastModified": 1661336769,
        "narHash": "sha256-5Sf9tMd1Jdm+lTBGspbQ4kEoYCDKpUhEVAZHRcm6mGU=",
        "owner": "NixOS",
        "repo": "nixpkgs",
        "rev": "03428dbaaa23d6bf458770907b0927b377c873a8",
        "type": "github"
      },
      "original": {
        "id": "nixpkgs",
        "type": "indirect"
      }
    },
    "nixpkgs_2": {
      "locked": {
        "lastModified": 1655390681,
        "narHash": "sha256-SXGZ7jJWsySMlNEpbxi8nq3QYDbtcAl+QHwsXlWq2g0=",
        "owner": "NixOS",
        "repo": "nixpkgs",
        "rev": "29769d2a1390d294469bcc6518f17931953545e1",
        "type": "github"
      },
      "original": {
        "id": "nixpkgs",
        "type": "indirect"
      }
    },
    "nixpkgs_release_20_03": {
      "locked": {
        "lastModified": 1651477990,
        "narHash": "sha256-nnY12IKDdVnnybAe44nPTTspS0KwA5SDNBo1z8K5/MU=",
        "owner": "NixOS",
        "repo": "nixpkgs",
        "rev": "345ff18c99af958afdbd57f077aae9af4000e864",
        "type": "github"
      },
      "original": {
        "owner": "NixOS",
        "ref": "release-20.03",
        "repo": "nixpkgs",
        "type": "github"
      }
    },
    "podman-rootless": {
      "inputs": {
        "flake-utils": "flake-utils_2",
        "nixpkgs": "nixpkgs_2"
      },
      "locked": {
        "lastModified": 1658007133,
        "narHash": "sha256-Kpb5Vgbfg1tbz8h4eMjxBjjcEIoPgHsbZOwY/BDsqbE=",
        "owner": "ES-Nix",
        "repo": "podman-rootless",
        "rev": "992c1daff9962129b298e1c42a26e8bc75b82f97",
        "type": "github"
      },
      "original": {
        "owner": "ES-Nix",
        "ref": "from-nixpkgs",
        "repo": "podman-rootless",
        "type": "github"
      }
    },
    "root": {
      "inputs": {
        "flake-utils": "flake-utils",
        "nixpkgs": "nixpkgs",
        "nixpkgs_release_20_03": "nixpkgs_release_20_03",
        "podman-rootless": "podman-rootless"
      }
    }
  },
  "root": "root",
  "version": 7
}
